
Microsoft Visual Studio Solution File, Format Version 12.00
# Visual Studio Version 17
VisualStudioVersion = 17.11.35303.130
MinimumVisualStudioVersion = 10.0.40219.1
Project("{2150E333-8FDC-42A3-9474-1A3956D46DE8}") = "src", "src", "{0B0B6534-7C18-4DCC-A417-E9EB3CB1C218}"
	ProjectSection(SolutionItems) = preProject
		src\Directory.Build.props = src\Directory.Build.props
		src\Directory.Build.targets = src\Directory.Build.targets
		src\Directory.Packages.props = src\Directory.Packages.props
	EndProjectSection
EndProject
Project("{9A19103F-16F7-4668-BE54-9A1E7A4F7556}") = "AIToolbox", "src\AIToolbox\AIToolbox.csproj", "{A31DF23C-56C6-4E11-980F-61D2786232C7}"
EndProject
Project("{9A19103F-16F7-4668-BE54-9A1E7A4F7556}") = "AIToolbox.DependencyInjection", "src\AIToolbox.DependencyInjection\AIToolbox.DependencyInjection.csproj", "{E3A45199-88BA-4CCE-9C84-FC9DBBA64B37}"
EndProject
Project("{9A19103F-16F7-4668-BE54-9A1E7A4F7556}") = "AIToolbox.Abstractions", "src\AIToolbox.Abstractions\AIToolbox.Abstractions.csproj", "{CB5747B1-5B3D-41FA-9A74-E531F5A26DEE}"
EndProject
Project("{9A19103F-16F7-4668-BE54-9A1E7A4F7556}") = "AIToolbox.DependencyInjection.Abstractions", "src\AIToolbox.DependencyInjection.Abstractions\AIToolbox.DependencyInjection.Abstractions.csproj", "{803E5D21-F194-4BDF-889E-1A6A951BD8ED}"
EndProject
Project("{2150E333-8FDC-42A3-9474-1A3956D46DE8}") = "tests", "tests", "{109D0193-3161-42E0-A48E-4AA7282AB9F3}"
	ProjectSection(SolutionItems) = preProject
		tests\Directory.Build.props = tests\Directory.Build.props
		tests\Directory.Build.targets = tests\Directory.Build.targets
		tests\Directory.Packages.props = tests\Directory.Packages.props
	EndProjectSection
EndProject
Project("{9A19103F-16F7-4668-BE54-9A1E7A4F7556}") = "Xunit.DependencyInjection", "tests\Xunit.DependencyInjection\Xunit.DependencyInjection.csproj", "{98DA527A-AC26-47B5-BF80-92FAA62D3988}"
EndProject
Project("{9A19103F-16F7-4668-BE54-9A1E7A4F7556}") = "AIToolbox.DependencyInjection.UnitTests", "tests\AIToolbox.DependencyInjection.UnitTests\AIToolbox.DependencyInjection.UnitTests.csproj", "{14513348-A938-4CF8-9FC4-06780BF07C72}"
EndProject
Project("{FAE04EC0-301F-11D3-BF4B-00C04F79EFBC}") = "AIToolbox.DependencyInjection.IntegrationTests", "tests\AIToolbox.DependencyInjection.IntegrationTests\AIToolbox.DependencyInjection.IntegrationTests.csproj", "{6B9B3A8D-186F-41EE-BA2A-720D73520D53}"
EndProject
Project("{2150E333-8FDC-42A3-9474-1A3956D46DE8}") = "connectors", "connectors", "{02EA681E-C7D8-13C7-8484-4AC65E1B71E8}"
EndProject
Project("{2150E333-8FDC-42A3-9474-1A3956D46DE8}") = "SemanticKernel", "SemanticKernel", "{386F649C-E30E-4608-9F08-85ECF994756F}"
EndProject
Project("{FAE04EC0-301F-11D3-BF4B-00C04F79EFBC}") = "SemanticKernel.DependencyInjection", "src\connectors\SemanticKernel.DependencyInjection\SemanticKernel.DependencyInjection.csproj", "{A2ABAB4A-49F6-45BB-B552-9841136082B1}"
EndProject
Global
	GlobalSection(SolutionConfigurationPlatforms) = preSolution
		Debug|Any CPU = Debug|Any CPU
		Release|Any CPU = Release|Any CPU
	EndGlobalSection
	GlobalSection(ProjectConfigurationPlatforms) = postSolution
		{A31DF23C-56C6-4E11-980F-61D2786232C7}.Debug|Any CPU.ActiveCfg = Debug|Any CPU
		{A31DF23C-56C6-4E11-980F-61D2786232C7}.Debug|Any CPU.Build.0 = Debug|Any CPU
		{A31DF23C-56C6-4E11-980F-61D2786232C7}.Release|Any CPU.ActiveCfg = Release|Any CPU
		{A31DF23C-56C6-4E11-980F-61D2786232C7}.Release|Any CPU.Build.0 = Release|Any CPU
		{E3A45199-88BA-4CCE-9C84-FC9DBBA64B37}.Debug|Any CPU.ActiveCfg = Debug|Any CPU
		{E3A45199-88BA-4CCE-9C84-FC9DBBA64B37}.Debug|Any CPU.Build.0 = Debug|Any CPU
		{E3A45199-88BA-4CCE-9C84-FC9DBBA64B37}.Release|Any CPU.ActiveCfg = Release|Any CPU
		{E3A45199-88BA-4CCE-9C84-FC9DBBA64B37}.Release|Any CPU.Build.0 = Release|Any CPU
		{CB5747B1-5B3D-41FA-9A74-E531F5A26DEE}.Debug|Any CPU.ActiveCfg = Debug|Any CPU
		{CB5747B1-5B3D-41FA-9A74-E531F5A26DEE}.Debug|Any CPU.Build.0 = Debug|Any CPU
		{CB5747B1-5B3D-41FA-9A74-E531F5A26DEE}.Release|Any CPU.ActiveCfg = Release|Any CPU
		{CB5747B1-5B3D-41FA-9A74-E531F5A26DEE}.Release|Any CPU.Build.0 = Release|Any CPU
		{803E5D21-F194-4BDF-889E-1A6A951BD8ED}.Debug|Any CPU.ActiveCfg = Debug|Any CPU
		{803E5D21-F194-4BDF-889E-1A6A951BD8ED}.Debug|Any CPU.Build.0 = Debug|Any CPU
		{803E5D21-F194-4BDF-889E-1A6A951BD8ED}.Release|Any CPU.ActiveCfg = Release|Any CPU
		{803E5D21-F194-4BDF-889E-1A6A951BD8ED}.Release|Any CPU.Build.0 = Release|Any CPU
		{98DA527A-AC26-47B5-BF80-92FAA62D3988}.Debug|Any CPU.ActiveCfg = Debug|Any CPU
		{98DA527A-AC26-47B5-BF80-92FAA62D3988}.Debug|Any CPU.Build.0 = Debug|Any CPU
		{98DA527A-AC26-47B5-BF80-92FAA62D3988}.Release|Any CPU.ActiveCfg = Release|Any CPU
		{98DA527A-AC26-47B5-BF80-92FAA62D3988}.Release|Any CPU.Build.0 = Release|Any CPU
		{14513348-A938-4CF8-9FC4-06780BF07C72}.Debug|Any CPU.ActiveCfg = Debug|Any CPU
		{14513348-A938-4CF8-9FC4-06780BF07C72}.Debug|Any CPU.Build.0 = Debug|Any CPU
		{14513348-A938-4CF8-9FC4-06780BF07C72}.Release|Any CPU.ActiveCfg = Release|Any CPU
		{14513348-A938-4CF8-9FC4-06780BF07C72}.Release|Any CPU.Build.0 = Release|Any CPU
		{6B9B3A8D-186F-41EE-BA2A-720D73520D53}.Debug|Any CPU.ActiveCfg = Debug|Any CPU
		{6B9B3A8D-186F-41EE-BA2A-720D73520D53}.Debug|Any CPU.Build.0 = Debug|Any CPU
		{6B9B3A8D-186F-41EE-BA2A-720D73520D53}.Release|Any CPU.ActiveCfg = Release|Any CPU
		{6B9B3A8D-186F-41EE-BA2A-720D73520D53}.Release|Any CPU.Build.0 = Release|Any CPU
		{A2ABAB4A-49F6-45BB-B552-9841136082B1}.Debug|Any CPU.ActiveCfg = Debug|Any CPU
		{A2ABAB4A-49F6-45BB-B552-9841136082B1}.Debug|Any CPU.Build.0 = Debug|Any CPU
		{A2ABAB4A-49F6-45BB-B552-9841136082B1}.Release|Any CPU.ActiveCfg = Release|Any CPU
		{A2ABAB4A-49F6-45BB-B552-9841136082B1}.Release|Any CPU.Build.0 = Release|Any CPU
	EndGlobalSection
	GlobalSection(SolutionProperties) = preSolution
		HideSolutionNode = FALSE
	EndGlobalSection
	GlobalSection(NestedProjects) = preSolution
		{A31DF23C-56C6-4E11-980F-61D2786232C7} = {0B0B6534-7C18-4DCC-A417-E9EB3CB1C218}
		{E3A45199-88BA-4CCE-9C84-FC9DBBA64B37} = {0B0B6534-7C18-4DCC-A417-E9EB3CB1C218}
		{CB5747B1-5B3D-41FA-9A74-E531F5A26DEE} = {0B0B6534-7C18-4DCC-A417-E9EB3CB1C218}
		{803E5D21-F194-4BDF-889E-1A6A951BD8ED} = {0B0B6534-7C18-4DCC-A417-E9EB3CB1C218}
		{98DA527A-AC26-47B5-BF80-92FAA62D3988} = {109D0193-3161-42E0-A48E-4AA7282AB9F3}
		{14513348-A938-4CF8-9FC4-06780BF07C72} = {109D0193-3161-42E0-A48E-4AA7282AB9F3}
		{6B9B3A8D-186F-41EE-BA2A-720D73520D53} = {109D0193-3161-42E0-A48E-4AA7282AB9F3}
		{02EA681E-C7D8-13C7-8484-4AC65E1B71E8} = {0B0B6534-7C18-4DCC-A417-E9EB3CB1C218}
		{386F649C-E30E-4608-9F08-85ECF994756F} = {02EA681E-C7D8-13C7-8484-4AC65E1B71E8}
		{A2ABAB4A-49F6-45BB-B552-9841136082B1} = {386F649C-E30E-4608-9F08-85ECF994756F}
	EndGlobalSection
	GlobalSection(ExtensibilityGlobals) = postSolution
		SolutionGuid = {EF730793-C36F-463C-B7C4-8A2A7A5CF158}
	EndGlobalSection
EndGlobal
